
Microsoft Visual Studio Solution File, Format Version 12.00
# Visual Studio Version 17
VisualStudioVersion = 17.8.34309.116
MinimumVisualStudioVersion = 10.0.40219.1
Project("{9A19103F-16F7-4668-BE54-9A1E7A4F7556}") = "Pulsar Site", "Pulsar Site\Pulsar Site\Pulsar Site.csproj", "{B722E746-DFB0-42C7-A48E-5D83C3DAFF98}"
EndProject
Project("{9A19103F-16F7-4668-BE54-9A1E7A4F7556}") = "Pulsar Site.Client", "Pulsar Site\Pulsar Site.Client\Pulsar Site.Client.csproj", "{9EE70B5E-8FEB-4F39-A1B9-71E984145B7E}"
EndProject
Global
	GlobalSection(SolutionConfigurationPlatforms) = preSolution
		Debug|Any CPU = Debug|Any CPU
		Release|Any CPU = Release|Any CPU
	EndGlobalSection
	GlobalSection(ProjectConfigurationPlatforms) = postSolution
		{B722E746-DFB0-42C7-A48E-5D83C3DAFF98}.Debug|Any CPU.ActiveCfg = Debug|Any CPU
		{B722E746-DFB0-42C7-A48E-5D83C3DAFF98}.Debug|Any CPU.Build.0 = Debug|Any CPU
		{B722E746-DFB0-42C7-A48E-5D83C3DAFF98}.Release|Any CPU.ActiveCfg = Release|Any CPU
		{B722E746-DFB0-42C7-A48E-5D83C3DAFF98}.Release|Any CPU.Build.0 = Release|Any CPU
		{9EE70B5E-8FEB-4F39-A1B9-71E984145B7E}.Debug|Any CPU.ActiveCfg = Debug|Any CPU
		{9EE70B5E-8FEB-4F39-A1B9-71E984145B7E}.Debug|Any CPU.Build.0 = Debug|Any CPU
		{9EE70B5E-8FEB-4F39-A1B9-71E984145B7E}.Release|Any CPU.ActiveCfg = Release|Any CPU
		{9EE70B5E-8FEB-4F39-A1B9-71E984145B7E}.Release|Any CPU.Build.0 = Release|Any CPU
	EndGlobalSection
	GlobalSection(SolutionProperties) = preSolution
		HideSolutionNode = FALSE
	EndGlobalSection
	GlobalSection(ExtensibilityGlobals) = postSolution
		SolutionGuid = {7838B3F4-C810-44D4-9D40-161F90F1F294}
	EndGlobalSection
EndGlobal
